// !$*UTF8*$!
{
	archiveVersion = 1;
	classes = {
	};
	objectVersion = 56;
	objects = {

/* Begin PBXBuildFile section */
		D842BA1D2BFC96AD00436058 /* main.cpp in Sources */ = {isa = PBXBuildFile; fileRef = D842BA1C2BFC96AD00436058 /* main.cpp */; };
		D842BA242BFC980B00436058 /* glad.c in Sources */ = {isa = PBXBuildFile; fileRef = D842BA232BFC980B00436058 /* glad.c */; };
		D842BA272BFC985100436058 /* libglfw3.a in Frameworks */ = {isa = PBXBuildFile; fileRef = D842BA262BFC985100436058 /* libglfw3.a */; };
		D842BA292BFC986600436058 /* OpenGL.framework in Frameworks */ = {isa = PBXBuildFile; fileRef = D842BA282BFC986600436058 /* OpenGL.framework */; };
		D842BA2D2BFC98ED00436058 /* GLUT.framework in Frameworks */ = {isa = PBXBuildFile; fileRef = D842BA2C2BFC98ED00436058 /* GLUT.framework */; };
		D842BA302BFC991D00436058 /* Cocoa.framework in Frameworks */ = {isa = PBXBuildFile; fileRef = D842BA2E2BFC98F500436058 /* Cocoa.framework */; };
		D842BA312BFC994100436058 /* IOKit.framework in Frameworks */ = {isa = PBXBuildFile; fileRef = D842BA2A2BFC98E600436058 /* IOKit.framework */; };
		D842BA362BFC9AE500436058 /* HelloWindow.cpp in Sources */ = {isa = PBXBuildFile; fileRef = D842BA342BFC9AE500436058 /* HelloWindow.cpp */; };
		D842BA392BFDCFFB00436058 /* Transformations.cpp in Sources */ = {isa = PBXBuildFile; fileRef = D842BA372BFDCFFB00436058 /* Transformations.cpp */; };
		D842BA3C2BFDD2FE00436058 /* Shader.cpp in Sources */ = {isa = PBXBuildFile; fileRef = D842BA3A2BFDD2FE00436058 /* Shader.cpp */; };
		D842BA412BFDDECD00436058 /* libglm.dylib in Frameworks */ = {isa = PBXBuildFile; fileRef = D842BA402BFDDECD00436058 /* libglm.dylib */; };
/* End PBXBuildFile section */

/* Begin PBXCopyFilesBuildPhase section */
		D842BA172BFC96AD00436058 /* CopyFiles */ = {
			isa = PBXCopyFilesBuildPhase;
			buildActionMask = 2147483647;
			dstPath = /usr/share/man/man1/;
			dstSubfolderSpec = 0;
			files = (
			);
			runOnlyForDeploymentPostprocessing = 1;
		};
/* End PBXCopyFilesBuildPhase section */

/* Begin PBXFileReference section */
		D842BA192BFC96AD00436058 /* BlairLearnOpenGL */ = {isa = PBXFileReference; explicitFileType = "compiled.mach-o.executable"; includeInIndex = 0; path = BlairLearnOpenGL; sourceTree = BUILT_PRODUCTS_DIR; };
		D842BA1C2BFC96AD00436058 /* main.cpp */ = {isa = PBXFileReference; lastKnownFileType = sourcecode.cpp.cpp; path = main.cpp; sourceTree = "<group>"; };
		D842BA232BFC980B00436058 /* glad.c */ = {isa = PBXFileReference; fileEncoding = 4; lastKnownFileType = sourcecode.c.c; path = glad.c; sourceTree = "<group>"; };
		D842BA262BFC985100436058 /* libglfw3.a */ = {isa = PBXFileReference; lastKnownFileType = archive.ar; name = libglfw3.a; path = "../../../Downloads/glfw-3.4.bin.MACOS/lib-arm64/libglfw3.a"; sourceTree = "<group>"; };
		D842BA282BFC986600436058 /* OpenGL.framework */ = {isa = PBXFileReference; lastKnownFileType = wrapper.framework; name = OpenGL.framework; path = System/Library/Frameworks/OpenGL.framework; sourceTree = SDKROOT; };
		D842BA2A2BFC98E600436058 /* IOKit.framework */ = {isa = PBXFileReference; lastKnownFileType = wrapper.framework; name = IOKit.framework; path = System/Library/Frameworks/IOKit.framework; sourceTree = SDKROOT; };
		D842BA2C2BFC98ED00436058 /* GLUT.framework */ = {isa = PBXFileReference; lastKnownFileType = wrapper.framework; name = GLUT.framework; path = System/Library/Frameworks/GLUT.framework; sourceTree = SDKROOT; };
		D842BA2E2BFC98F500436058 /* Cocoa.framework */ = {isa = PBXFileReference; lastKnownFileType = wrapper.framework; name = Cocoa.framework; path = System/Library/Frameworks/Cocoa.framework; sourceTree = SDKROOT; };
		D842BA342BFC9AE500436058 /* HelloWindow.cpp */ = {isa = PBXFileReference; lastKnownFileType = sourcecode.cpp.cpp; path = HelloWindow.cpp; sourceTree = "<group>"; };
		D842BA352BFC9AE500436058 /* HelloWindow.hpp */ = {isa = PBXFileReference; lastKnownFileType = sourcecode.cpp.h; path = HelloWindow.hpp; sourceTree = "<group>"; };
		D842BA372BFDCFFB00436058 /* Transformations.cpp */ = {isa = PBXFileReference; lastKnownFileType = sourcecode.cpp.cpp; path = Transformations.cpp; sourceTree = "<group>"; };
		D842BA382BFDCFFB00436058 /* Transformations.hpp */ = {isa = PBXFileReference; lastKnownFileType = sourcecode.cpp.h; path = Transformations.hpp; sourceTree = "<group>"; };
		D842BA3A2BFDD2FE00436058 /* Shader.cpp */ = {isa = PBXFileReference; lastKnownFileType = sourcecode.cpp.cpp; path = Shader.cpp; sourceTree = "<group>"; };
		D842BA3B2BFDD2FE00436058 /* Shader.hpp */ = {isa = PBXFileReference; lastKnownFileType = sourcecode.cpp.h; path = Shader.hpp; sourceTree = "<group>"; };
		D842BA402BFDDECD00436058 /* libglm.dylib */ = {isa = PBXFileReference; lastKnownFileType = "compiled.mach-o.dylib"; name = libglm.dylib; path = ../../../../../opt/homebrew/Cellar/glm/1.0.1/lib/libglm.dylib; sourceTree = "<group>"; };
		D842BA422BFDE0CF00436058 /* transform_vs.vs */ = {isa = PBXFileReference; fileEncoding = 4; lastKnownFileType = sourcecode.glsl; path = transform_vs.vs; sourceTree = "<group>"; };
		D842BA432BFDE0DD00436058 /* transform_fs.fs */ = {isa = PBXFileReference; fileEncoding = 4; lastKnownFileType = sourcecode.glsl; path = transform_fs.fs; sourceTree = "<group>"; };
/* End PBXFileReference section */

/* Begin PBXFrameworksBuildPhase section */
		D842BA162BFC96AD00436058 /* Frameworks */ = {
			isa = PBXFrameworksBuildPhase;
			buildActionMask = 2147483647;
			files = (
				D842BA412BFDDECD00436058 /* libglm.dylib in Frameworks */,
				D842BA272BFC985100436058 /* libglfw3.a in Frameworks */,
				D842BA312BFC994100436058 /* IOKit.framework in Frameworks */,
				D842BA302BFC991D00436058 /* Cocoa.framework in Frameworks */,
				D842BA2D2BFC98ED00436058 /* GLUT.framework in Frameworks */,
				D842BA292BFC986600436058 /* OpenGL.framework in Frameworks */,
			);
			runOnlyForDeploymentPostprocessing = 0;
		};
/* End PBXFrameworksBuildPhase section */

/* Begin PBXGroup section */
		D842BA102BFC96AD00436058 = {
			isa = PBXGroup;
			children = (
				D842BA1B2BFC96AD00436058 /* BlairLearnOpenGL */,
				D842BA1A2BFC96AD00436058 /* Products */,
				D842BA252BFC985100436058 /* Frameworks */,
			);
			sourceTree = "<group>";
		};
		D842BA1A2BFC96AD00436058 /* Products */ = {
			isa = PBXGroup;
			children = (
				D842BA192BFC96AD00436058 /* BlairLearnOpenGL */,
			);
			name = Products;
			sourceTree = "<group>";
		};
		D842BA1B2BFC96AD00436058 /* BlairLearnOpenGL */ = {
			isa = PBXGroup;
			children = (
				D842BA3D2BFDD8C500436058 /* Shader */,
				D842BA1C2BFC96AD00436058 /* main.cpp */,
				D842BA232BFC980B00436058 /* glad.c */,
				D842BA342BFC9AE500436058 /* HelloWindow.cpp */,
				D842BA352BFC9AE500436058 /* HelloWindow.hpp */,
				D842BA372BFDCFFB00436058 /* Transformations.cpp */,
				D842BA382BFDCFFB00436058 /* Transformations.hpp */,
				D842BA3A2BFDD2FE00436058 /* Shader.cpp */,
				D842BA3B2BFDD2FE00436058 /* Shader.hpp */,
			);
			path = BlairLearnOpenGL;
			sourceTree = "<group>";
		};
		D842BA252BFC985100436058 /* Frameworks */ = {
			isa = PBXGroup;
			children = (
				D842BA402BFDDECD00436058 /* libglm.dylib */,
				D842BA2E2BFC98F500436058 /* Cocoa.framework */,
				D842BA2C2BFC98ED00436058 /* GLUT.framework */,
				D842BA2A2BFC98E600436058 /* IOKit.framework */,
				D842BA282BFC986600436058 /* OpenGL.framework */,
				D842BA262BFC985100436058 /* libglfw3.a */,
			);
			name = Frameworks;
			sourceTree = "<group>";
		};
		D842BA3D2BFDD8C500436058 /* Shader */ = {
			isa = PBXGroup;
			children = (
				D842BA422BFDE0CF00436058 /* transform_vs.vs */,
				D842BA432BFDE0DD00436058 /* transform_fs.fs */,
			);
			path = Shader;
			sourceTree = "<group>";
		};
/* End PBXGroup section */

/* Begin PBXNativeTarget section */
		D842BA182BFC96AD00436058 /* BlairLearnOpenGL */ = {
			isa = PBXNativeTarget;
			buildConfigurationList = D842BA202BFC96AD00436058 /* Build configuration list for PBXNativeTarget "BlairLearnOpenGL" */;
			buildPhases = (
				D842BA152BFC96AD00436058 /* Sources */,
				D842BA162BFC96AD00436058 /* Frameworks */,
				D842BA172BFC96AD00436058 /* CopyFiles */,
			);
			buildRules = (
			);
			dependencies = (
			);
			name = BlairLearnOpenGL;
			productName = BlairLearnOpenGL;
			productReference = D842BA192BFC96AD00436058 /* BlairLearnOpenGL */;
			productType = "com.apple.product-type.tool";
		};
/* End PBXNativeTarget section */

/* Begin PBXProject section */
		D842BA112BFC96AD00436058 /* Project object */ = {
			isa = PBXProject;
			attributes = {
				BuildIndependentTargetsInParallel = 1;
				LastUpgradeCheck = 1530;
				TargetAttributes = {
					D842BA182BFC96AD00436058 = {
						CreatedOnToolsVersion = 15.3;
					};
				};
			};
			buildConfigurationList = D842BA142BFC96AD00436058 /* Build configuration list for PBXProject "BlairLearnOpenGL" */;
			compatibilityVersion = "Xcode 14.0";
			developmentRegion = en;
			hasScannedForEncodings = 0;
			knownRegions = (
				en,
				Base,
			);
			mainGroup = D842BA102BFC96AD00436058;
			productRefGroup = D842BA1A2BFC96AD00436058 /* Products */;
			projectDirPath = "";
			projectRoot = "";
			targets = (
				D842BA182BFC96AD00436058 /* BlairLearnOpenGL */,
			);
		};
/* End PBXProject section */

/* Begin PBXSourcesBuildPhase section */
		D842BA152BFC96AD00436058 /* Sources */ = {
			isa = PBXSourcesBuildPhase;
			buildActionMask = 2147483647;
			files = (
				D842BA1D2BFC96AD00436058 /* main.cpp in Sources */,
				D842BA362BFC9AE500436058 /* HelloWindow.cpp in Sources */,
				D842BA392BFDCFFB00436058 /* Transformations.cpp in Sources */,
				D842BA242BFC980B00436058 /* glad.c in Sources */,
				D842BA3C2BFDD2FE00436058 /* Shader.cpp in Sources */,
			);
			runOnlyForDeploymentPostprocessing = 0;
		};
/* End PBXSourcesBuildPhase section */

/* Begin XCBuildConfiguration section */
		D842BA1E2BFC96AD00436058 /* Debug */ = {
			isa = XCBuildConfiguration;
			buildSettings = {
				ALWAYS_SEARCH_USER_PATHS = NO;
				ASSETCATALOG_COMPILER_GENERATE_SWIFT_ASSET_SYMBOL_EXTENSIONS = YES;
				CLANG_ANALYZER_NONNULL = YES;
				CLANG_ANALYZER_NUMBER_OBJECT_CONVERSION = YES_AGGRESSIVE;
				CLANG_CXX_LANGUAGE_STANDARD = "gnu++20";
				CLANG_ENABLE_MODULES = YES;
				CLANG_ENABLE_OBJC_ARC = YES;
				CLANG_ENABLE_OBJC_WEAK = YES;
				CLANG_WARN_BLOCK_CAPTURE_AUTORELEASING = YES;
				CLANG_WARN_BOOL_CONVERSION = YES;
				CLANG_WARN_COMMA = YES;
				CLANG_WARN_CONSTANT_CONVERSION = YES;
				CLANG_WARN_DEPRECATED_OBJC_IMPLEMENTATIONS = YES;
				CLANG_WARN_DIRECT_OBJC_ISA_USAGE = YES_ERROR;
				CLANG_WARN_DOCUMENTATION_COMMENTS = YES;
				CLANG_WARN_EMPTY_BODY = YES;
				CLANG_WARN_ENUM_CONVERSION = YES;
				CLANG_WARN_INFINITE_RECURSION = YES;
				CLANG_WARN_INT_CONVERSION = YES;
				CLANG_WARN_NON_LITERAL_NULL_CONVERSION = YES;
				CLANG_WARN_OBJC_IMPLICIT_RETAIN_SELF = YES;
				CLANG_WARN_OBJC_LITERAL_CONVERSION = YES;
				CLANG_WARN_OBJC_ROOT_CLASS = YES_ERROR;
				CLANG_WARN_QUOTED_INCLUDE_IN_FRAMEWORK_HEADER = YES;
				CLANG_WARN_RANGE_LOOP_ANALYSIS = YES;
				CLANG_WARN_STRICT_PROTOTYPES = YES;
				CLANG_WARN_SUSPICIOUS_MOVE = YES;
				CLANG_WARN_UNGUARDED_AVAILABILITY = YES_AGGRESSIVE;
				CLANG_WARN_UNREACHABLE_CODE = YES;
				CLANG_WARN__DUPLICATE_METHOD_MATCH = YES;
				COPY_PHASE_STRIP = NO;
				DEBUG_INFORMATION_FORMAT = dwarf;
				ENABLE_STRICT_OBJC_MSGSEND = YES;
				ENABLE_TESTABILITY = YES;
				ENABLE_USER_SCRIPT_SANDBOXING = YES;
				GCC_C_LANGUAGE_STANDARD = gnu17;
				GCC_DYNAMIC_NO_PIC = NO;
				GCC_NO_COMMON_BLOCKS = YES;
				GCC_OPTIMIZATION_LEVEL = 0;
				GCC_PREPROCESSOR_DEFINITIONS = (
					"DEBUG=1",
					"$(inherited)",
				);
				GCC_WARN_64_TO_32_BIT_CONVERSION = YES;
				GCC_WARN_ABOUT_RETURN_TYPE = YES_ERROR;
				GCC_WARN_UNDECLARED_SELECTOR = YES;
				GCC_WARN_UNINITIALIZED_AUTOS = YES_AGGRESSIVE;
				GCC_WARN_UNUSED_FUNCTION = YES;
				GCC_WARN_UNUSED_VARIABLE = YES;
				LOCALIZATION_PREFERS_STRING_CATALOGS = YES;
				MACOSX_DEPLOYMENT_TARGET = 14.2;
				MTL_ENABLE_DEBUG_INFO = INCLUDE_SOURCE;
				MTL_FAST_MATH = YES;
				ONLY_ACTIVE_ARCH = YES;
				SDKROOT = macosx;
			};
			name = Debug;
		};
		D842BA1F2BFC96AD00436058 /* Release */ = {
			isa = XCBuildConfiguration;
			buildSettings = {
				ALWAYS_SEARCH_USER_PATHS = NO;
				ASSETCATALOG_COMPILER_GENERATE_SWIFT_ASSET_SYMBOL_EXTENSIONS = YES;
				CLANG_ANALYZER_NONNULL = YES;
				CLANG_ANALYZER_NUMBER_OBJECT_CONVERSION = YES_AGGRESSIVE;
				CLANG_CXX_LANGUAGE_STANDARD = "gnu++20";
				CLANG_ENABLE_MODULES = YES;
				CLANG_ENABLE_OBJC_ARC = YES;
				CLANG_ENABLE_OBJC_WEAK = YES;
				CLANG_WARN_BLOCK_CAPTURE_AUTORELEASING = YES;
				CLANG_WARN_BOOL_CONVERSION = YES;
				CLANG_WARN_COMMA = YES;
				CLANG_WARN_CONSTANT_CONVERSION = YES;
				CLANG_WARN_DEPRECATED_OBJC_IMPLEMENTATIONS = YES;
				CLANG_WARN_DIRECT_OBJC_ISA_USAGE = YES_ERROR;
				CLANG_WARN_DOCUMENTATION_COMMENTS = YES;
				CLANG_WARN_EMPTY_BODY = YES;
				CLANG_WARN_ENUM_CONVERSION = YES;
				CLANG_WARN_INFINITE_RECURSION = YES;
				CLANG_WARN_INT_CONVERSION = YES;
				CLANG_WARN_NON_LITERAL_NULL_CONVERSION = YES;
				CLANG_WARN_OBJC_IMPLICIT_RETAIN_SELF = YES;
				CLANG_WARN_OBJC_LITERAL_CONVERSION = YES;
				CLANG_WARN_OBJC_ROOT_CLASS = YES_ERROR;
				CLANG_WARN_QUOTED_INCLUDE_IN_FRAMEWORK_HEADER = YES;
				CLANG_WARN_RANGE_LOOP_ANALYSIS = YES;
				CLANG_WARN_STRICT_PROTOTYPES = YES;
				CLANG_WARN_SUSPICIOUS_MOVE = YES;
				CLANG_WARN_UNGUARDED_AVAILABILITY = YES_AGGRESSIVE;
				CLANG_WARN_UNREACHABLE_CODE = YES;
				CLANG_WARN__DUPLICATE_METHOD_MATCH = YES;
				COPY_PHASE_STRIP = NO;
				DEBUG_INFORMATION_FORMAT = "dwarf-with-dsym";
				ENABLE_NS_ASSERTIONS = NO;
				ENABLE_STRICT_OBJC_MSGSEND = YES;
				ENABLE_USER_SCRIPT_SANDBOXING = YES;
				GCC_C_LANGUAGE_STANDARD = gnu17;
				GCC_NO_COMMON_BLOCKS = YES;
				GCC_WARN_64_TO_32_BIT_CONVERSION = YES;
				GCC_WARN_ABOUT_RETURN_TYPE = YES_ERROR;
				GCC_WARN_UNDECLARED_SELECTOR = YES;
				GCC_WARN_UNINITIALIZED_AUTOS = YES_AGGRESSIVE;
				GCC_WARN_UNUSED_FUNCTION = YES;
				GCC_WARN_UNUSED_VARIABLE = YES;
				LOCALIZATION_PREFERS_STRING_CATALOGS = YES;
				MACOSX_DEPLOYMENT_TARGET = 14.2;
				MTL_ENABLE_DEBUG_INFO = NO;
				MTL_FAST_MATH = YES;
				SDKROOT = macosx;
			};
			name = Release;
		};
		D842BA212BFC96AD00436058 /* Debug */ = {
			isa = XCBuildConfiguration;
			buildSettings = {
				CODE_SIGN_STYLE = Automatic;
				HEADER_SEARCH_PATHS = (
					/Users/yiwenren/Downloads/glad/include,
					"/Users/yiwenren/Downloads/glfw-3.4.bin.MACOS/include",
					/opt/homebrew/Cellar/glm/1.0.1/include/glm/,
				);
				LIBRARY_SEARCH_PATHS = (
					"/Users/yiwenren/Downloads/glfw-3.4.bin.MACOS/lib-arm64",
					/opt/homebrew/Cellar/glm/1.0.1/lib,
				);
				PRODUCT_NAME = "$(TARGET_NAME)";
			};
			name = Debug;
		};
		D842BA222BFC96AD00436058 /* Release */ = {
			isa = XCBuildConfiguration;
			buildSettings = {
				CODE_SIGN_STYLE = Automatic;
				HEADER_SEARCH_PATHS = (
					/Users/yiwenren/Downloads/glad/include,
					"/Users/yiwenren/Downloads/glfw-3.4.bin.MACOS/include",
					/opt/homebrew/Cellar/glm/1.0.1/include/glm/,
				);
				LIBRARY_SEARCH_PATHS = (
					"/Users/yiwenren/Downloads/glfw-3.4.bin.MACOS/lib-arm64",
					/opt/homebrew/Cellar/glm/1.0.1/lib,
				);
				PRODUCT_NAME = "$(TARGET_NAME)";
			};
			name = Release;
		};
/* End XCBuildConfiguration section */

/* Begin XCConfigurationList section */
		D842BA142BFC96AD00436058 /* Build configuration list for PBXProject "BlairLearnOpenGL" */ = {
			isa = XCConfigurationList;
			buildConfigurations = (
				D842BA1E2BFC96AD00436058 /* Debug */,
				D842BA1F2BFC96AD00436058 /* Release */,
			);
			defaultConfigurationIsVisible = 0;
			defaultConfigurationName = Release;
		};
		D842BA202BFC96AD00436058 /* Build configuration list for PBXNativeTarget "BlairLearnOpenGL" */ = {
			isa = XCConfigurationList;
			buildConfigurations = (
				D842BA212BFC96AD00436058 /* Debug */,
				D842BA222BFC96AD00436058 /* Release */,
			);
			defaultConfigurationIsVisible = 0;
			defaultConfigurationName = Release;
		};
/* End XCConfigurationList section */
	};
	rootObject = D842BA112BFC96AD00436058 /* Project object */;
}
